
Microsoft Visual Studio Solution File, Format Version 12.00
# Visual Studio 15
VisualStudioVersion = 15.0.28307.489
MinimumVisualStudioVersion = 10.0.40219.1
Project("{8BC9CEB8-8B4A-11D0-8D11-00A0C91BC942}") = "OpenCV_ConsoleApp", "OpenCV_ConsoleApp\OpenCV_ConsoleApp.vcxproj", "{F6178BED-F55D-41FE-A0F3-E46F64DA6377}"
EndProject
Global
	GlobalSection(SolutionConfigurationPlatforms) = preSolution
		Debug|x64 = Debug|x64
		Debug|x86 = Debug|x86
		Release|x64 = Release|x64
		Release|x86 = Release|x86
	EndGlobalSection
	GlobalSection(ProjectConfigurationPlatforms) = postSolution
		{F6178BED-F55D-41FE-A0F3-E46F64DA6377}.Debug|x64.ActiveCfg = Debug|x64
		{F6178BED-F55D-41FE-A0F3-E46F64DA6377}.Debug|x64.Build.0 = Debug|x64
		{F6178BED-F55D-41FE-A0F3-E46F64DA6377}.Debug|x86.ActiveCfg = Debug|Win32
		{F6178BED-F55D-41FE-A0F3-E46F64DA6377}.Debug|x86.Build.0 = Debug|Win32
		{F6178BED-F55D-41FE-A0F3-E46F64DA6377}.Release|x64.ActiveCfg = Release|x64
		{F6178BED-F55D-41FE-A0F3-E46F64DA6377}.Release|x64.Build.0 = Release|x64
		{F6178BED-F55D-41FE-A0F3-E46F64DA6377}.Release|x86.ActiveCfg = Release|Win32
		{F6178BED-F55D-41FE-A0F3-E46F64DA6377}.Release|x86.Build.0 = Release|Win32
	EndGlobalSection
	GlobalSection(SolutionProperties) = preSolution
		HideSolutionNode = FALSE
	EndGlobalSection
	GlobalSection(ExtensibilityGlobals) = postSolution
		SolutionGuid = {159D6EEA-A40E-49A2-A895-AF3A89272F8C}
	EndGlobalSection
EndGlobal
